// !$*UTF8*$!
{
	archiveVersion = 1;
	classes = {
	};
	objectVersion = 56;
	objects = {

/* Begin PBXBuildFile section */
		A68FDEAF297A936C00C49991 /* AppDelegate.swift in Sources */ = {isa = PBXBuildFile; fileRef = A68FDEAE297A936C00C49991 /* AppDelegate.swift */; };
		A68FDEB1297A936C00C49991 /* SceneDelegate.swift in Sources */ = {isa = PBXBuildFile; fileRef = A68FDEB0297A936C00C49991 /* SceneDelegate.swift */; };
		A68FDEB3297A936C00C49991 /* ViewController.swift in Sources */ = {isa = PBXBuildFile; fileRef = A68FDEB2297A936C00C49991 /* ViewController.swift */; };
		A68FDEB6297A936C00C49991 /* Main.storyboard in Resources */ = {isa = PBXBuildFile; fileRef = A68FDEB4297A936C00C49991 /* Main.storyboard */; };
		A68FDEB9297A936C00C49991 /* ListAppp.xcdatamodeld in Sources */ = {isa = PBXBuildFile; fileRef = A68FDEB7297A936C00C49991 /* ListAppp.xcdatamodeld */; };
		A68FDEBB297A936D00C49991 /* Assets.xcassets in Resources */ = {isa = PBXBuildFile; fileRef = A68FDEBA297A936D00C49991 /* Assets.xcassets */; };
		A68FDEBE297A936D00C49991 /* LaunchScreen.storyboard in Resources */ = {isa = PBXBuildFile; fileRef = A68FDEBC297A936D00C49991 /* LaunchScreen.storyboard */; };
/* End PBXBuildFile section */

/* Begin PBXFileReference section */
		A68FDEAB297A936C00C49991 /* ListAppp.app */ = {isa = PBXFileReference; explicitFileType = wrapper.application; includeInIndex = 0; path = ListAppp.app; sourceTree = BUILT_PRODUCTS_DIR; };
		A68FDEAE297A936C00C49991 /* AppDelegate.swift */ = {isa = PBXFileReference; lastKnownFileType = sourcecode.swift; path = AppDelegate.swift; sourceTree = "<group>"; };
		A68FDEB0297A936C00C49991 /* SceneDelegate.swift */ = {isa = PBXFileReference; lastKnownFileType = sourcecode.swift; path = SceneDelegate.swift; sourceTree = "<group>"; };
		A68FDEB2297A936C00C49991 /* ViewController.swift */ = {isa = PBXFileReference; lastKnownFileType = sourcecode.swift; path = ViewController.swift; sourceTree = "<group>"; };
		A68FDEB5297A936C00C49991 /* Base */ = {isa = PBXFileReference; lastKnownFileType = file.storyboard; name = Base; path = Base.lproj/Main.storyboard; sourceTree = "<group>"; };
		A68FDEB8297A936C00C49991 /* ListAppp.xcdatamodel */ = {isa = PBXFileReference; lastKnownFileType = wrapper.xcdatamodel; path = ListAppp.xcdatamodel; sourceTree = "<group>"; };
		A68FDEBA297A936D00C49991 /* Assets.xcassets */ = {isa = PBXFileReference; lastKnownFileType = folder.assetcatalog; path = Assets.xcassets; sourceTree = "<group>"; };
		A68FDEBD297A936D00C49991 /* Base */ = {isa = PBXFileReference; lastKnownFileType = file.storyboard; name = Base; path = Base.lproj/LaunchScreen.storyboard; sourceTree = "<group>"; };
		A68FDEBF297A936D00C49991 /* Info.plist */ = {isa = PBXFileReference; lastKnownFileType = text.plist.xml; path = Info.plist; sourceTree = "<group>"; };
/* End PBXFileReference section */

/* Begin PBXFrameworksBuildPhase section */
		A68FDEA8297A936C00C49991 /* Frameworks */ = {
			isa = PBXFrameworksBuildPhase;
			buildActionMask = 2147483647;
			files = (
			);
			runOnlyForDeploymentPostprocessing = 0;
		};
/* End PBXFrameworksBuildPhase section */

/* Begin PBXGroup section */
		A68FDEA2297A936C00C49991 = {
			isa = PBXGroup;
			children = (
				A68FDEAD297A936C00C49991 /* ListAppp */,
				A68FDEAC297A936C00C49991 /* Products */,
			);
			sourceTree = "<group>";
		};
		A68FDEAC297A936C00C49991 /* Products */ = {
			isa = PBXGroup;
			children = (
				A68FDEAB297A936C00C49991 /* ListAppp.app */,
			);
			name = Products;
			sourceTree = "<group>";
		};
		A68FDEAD297A936C00C49991 /* ListAppp */ = {
			isa = PBXGroup;
			children = (
				A68FDEC7297A965E00C49991 /* SupportFiles */,
				A68FDEC6297A965700C49991 /* Views */,
				A68FDEC5297A964A00C49991 /* Controllers */,
			);
			path = ListAppp;
			sourceTree = "<group>";
		};
		A68FDEC5297A964A00C49991 /* Controllers */ = {
			isa = PBXGroup;
			children = (
				A68FDEB2297A936C00C49991 /* ViewController.swift */,
			);
			path = Controllers;
			sourceTree = "<group>";
		};
		A68FDEC6297A965700C49991 /* Views */ = {
			isa = PBXGroup;
			children = (
				A68FDEB4297A936C00C49991 /* Main.storyboard */,
			);
			path = Views;
			sourceTree = "<group>";
		};
		A68FDEC7297A965E00C49991 /* SupportFiles */ = {
			isa = PBXGroup;
			children = (
				A68FDEAE297A936C00C49991 /* AppDelegate.swift */,
				A68FDEB0297A936C00C49991 /* SceneDelegate.swift */,
				A68FDEBA297A936D00C49991 /* Assets.xcassets */,
				A68FDEBC297A936D00C49991 /* LaunchScreen.storyboard */,
				A68FDEBF297A936D00C49991 /* Info.plist */,
				A68FDEB7297A936C00C49991 /* ListAppp.xcdatamodeld */,
			);
			path = SupportFiles;
			sourceTree = "<group>";
		};
/* End PBXGroup section */

/* Begin PBXNativeTarget section */
		A68FDEAA297A936C00C49991 /* ListAppp */ = {
			isa = PBXNativeTarget;
			buildConfigurationList = A68FDEC2297A936D00C49991 /* Build configuration list for PBXNativeTarget "ListAppp" */;
			buildPhases = (
				A68FDEA7297A936C00C49991 /* Sources */,
				A68FDEA8297A936C00C49991 /* Frameworks */,
				A68FDEA9297A936C00C49991 /* Resources */,
			);
			buildRules = (
			);
			dependencies = (
			);
			name = ListAppp;
			productName = ListAppp;
			productReference = A68FDEAB297A936C00C49991 /* ListAppp.app */;
			productType = "com.apple.product-type.application";
		};
/* End PBXNativeTarget section */

/* Begin PBXProject section */
		A68FDEA3297A936C00C49991 /* Project object */ = {
			isa = PBXProject;
			attributes = {
				BuildIndependentTargetsInParallel = 1;
				LastSwiftUpdateCheck = 1420;
				LastUpgradeCheck = 1420;
				TargetAttributes = {
					A68FDEAA297A936C00C49991 = {
						CreatedOnToolsVersion = 14.2;
					};
				};
			};
			buildConfigurationList = A68FDEA6297A936C00C49991 /* Build configuration list for PBXProject "ListAppp" */;
			compatibilityVersion = "Xcode 14.0";
			developmentRegion = en;
			hasScannedForEncodings = 0;
			knownRegions = (
				en,
				Base,
			);
			mainGroup = A68FDEA2297A936C00C49991;
			productRefGroup = A68FDEAC297A936C00C49991 /* Products */;
			projectDirPath = "";
			projectRoot = "";
			targets = (
				A68FDEAA297A936C00C49991 /* ListAppp */,
			);
		};
/* End PBXProject section */

/* Begin PBXResourcesBuildPhase section */
		A68FDEA9297A936C00C49991 /* Resources */ = {
			isa = PBXResourcesBuildPhase;
			buildActionMask = 2147483647;
			files = (
				A68FDEBE297A936D00C49991 /* LaunchScreen.storyboard in Resources */,
				A68FDEBB297A936D00C49991 /* Assets.xcassets in Resources */,
				A68FDEB6297A936C00C49991 /* Main.storyboard in Resources */,
			);
			runOnlyForDeploymentPostprocessing = 0;
		};
/* End PBXResourcesBuildPhase section */

/* Begin PBXSourcesBuildPhase section */
		A68FDEA7297A936C00C49991 /* Sources */ = {
			isa = PBXSourcesBuildPhase;
			buildActionMask = 2147483647;
			files = (
				A68FDEB3297A936C00C49991 /* ViewController.swift in Sources */,
				A68FDEAF297A936C00C49991 /* AppDelegate.swift in Sources */,
				A68FDEB9297A936C00C49991 /* ListAppp.xcdatamodeld in Sources */,
				A68FDEB1297A936C00C49991 /* SceneDelegate.swift in Sources */,
			);
			runOnlyForDeploymentPostprocessing = 0;
		};
/* End PBXSourcesBuildPhase section */

/* Begin PBXVariantGroup section */
		A68FDEB4297A936C00C49991 /* Main.storyboard */ = {
			isa = PBXVariantGroup;
			children = (
				A68FDEB5297A936C00C49991 /* Base */,
			);
			name = Main.storyboard;
			sourceTree = "<group>";
		};
		A68FDEBC297A936D00C49991 /* LaunchScreen.storyboard */ = {
			isa = PBXVariantGroup;
			children = (
				A68FDEBD297A936D00C49991 /* Base */,
			);
			name = LaunchScreen.storyboard;
			sourceTree = "<group>";
		};
/* End PBXVariantGroup section */

/* Begin XCBuildConfiguration section */
		A68FDEC0297A936D00C49991 /* Debug */ = {
			isa = XCBuildConfiguration;
			buildSettings = {
				ALWAYS_SEARCH_USER_PATHS = NO;
				CLANG_ANALYZER_NONNULL = YES;
				CLANG_ANALYZER_NUMBER_OBJECT_CONVERSION = YES_AGGRESSIVE;
				CLANG_CXX_LANGUAGE_STANDARD = "gnu++20";
				CLANG_ENABLE_MODULES = YES;
				CLANG_ENABLE_OBJC_ARC = YES;
				CLANG_ENABLE_OBJC_WEAK = YES;
				CLANG_WARN_BLOCK_CAPTURE_AUTORELEASING = YES;
				CLANG_WARN_BOOL_CONVERSION = YES;
				CLANG_WARN_COMMA = YES;
				CLANG_WARN_CONSTANT_CONVERSION = YES;
				CLANG_WARN_DEPRECATED_OBJC_IMPLEMENTATIONS = YES;
				CLANG_WARN_DIRECT_OBJC_ISA_USAGE = YES_ERROR;
				CLANG_WARN_DOCUMENTATION_COMMENTS = YES;
				CLANG_WARN_EMPTY_BODY = YES;
				CLANG_WARN_ENUM_CONVERSION = YES;
				CLANG_WARN_INFINITE_RECURSION = YES;
				CLANG_WARN_INT_CONVERSION = YES;
				CLANG_WARN_NON_LITERAL_NULL_CONVERSION = YES;
				CLANG_WARN_OBJC_IMPLICIT_RETAIN_SELF = YES;
				CLANG_WARN_OBJC_LITERAL_CONVERSION = YES;
				CLANG_WARN_OBJC_ROOT_CLASS = YES_ERROR;
				CLANG_WARN_QUOTED_INCLUDE_IN_FRAMEWORK_HEADER = YES;
				CLANG_WARN_RANGE_LOOP_ANALYSIS = YES;
				CLANG_WARN_STRICT_PROTOTYPES = YES;
				CLANG_WARN_SUSPICIOUS_MOVE = YES;
				CLANG_WARN_UNGUARDED_AVAILABILITY = YES_AGGRESSIVE;
				CLANG_WARN_UNREACHABLE_CODE = YES;
				CLANG_WARN__DUPLICATE_METHOD_MATCH = YES;
				COPY_PHASE_STRIP = NO;
				DEBUG_INFORMATION_FORMAT = dwarf;
				ENABLE_STRICT_OBJC_MSGSEND = YES;
				ENABLE_TESTABILITY = YES;
				GCC_C_LANGUAGE_STANDARD = gnu11;
				GCC_DYNAMIC_NO_PIC = NO;
				GCC_NO_COMMON_BLOCKS = YES;
				GCC_OPTIMIZATION_LEVEL = 0;
				GCC_PREPROCESSOR_DEFINITIONS = (
					"DEBUG=1",
					"$(inherited)",
				);
				GCC_WARN_64_TO_32_BIT_CONVERSION = YES;
				GCC_WARN_ABOUT_RETURN_TYPE = YES_ERROR;
				GCC_WARN_UNDECLARED_SELECTOR = YES;
				GCC_WARN_UNINITIALIZED_AUTOS = YES_AGGRESSIVE;
				GCC_WARN_UNUSED_FUNCTION = YES;
				GCC_WARN_UNUSED_VARIABLE = YES;
				IPHONEOS_DEPLOYMENT_TARGET = 16.2;
				MTL_ENABLE_DEBUG_INFO = INCLUDE_SOURCE;
				MTL_FAST_MATH = YES;
				ONLY_ACTIVE_ARCH = YES;
				SDKROOT = iphoneos;
				SWIFT_ACTIVE_COMPILATION_CONDITIONS = DEBUG;
				SWIFT_OPTIMIZATION_LEVEL = "-Onone";
			};
			name = Debug;
		};
		A68FDEC1297A936D00C49991 /* Release */ = {
			isa = XCBuildConfiguration;
			buildSettings = {
				ALWAYS_SEARCH_USER_PATHS = NO;
				CLANG_ANALYZER_NONNULL = YES;
				CLANG_ANALYZER_NUMBER_OBJECT_CONVERSION = YES_AGGRESSIVE;
				CLANG_CXX_LANGUAGE_STANDARD = "gnu++20";
				CLANG_ENABLE_MODULES = YES;
				CLANG_ENABLE_OBJC_ARC = YES;
				CLANG_ENABLE_OBJC_WEAK = YES;
				CLANG_WARN_BLOCK_CAPTURE_AUTORELEASING = YES;
				CLANG_WARN_BOOL_CONVERSION = YES;
				CLANG_WARN_COMMA = YES;
				CLANG_WARN_CONSTANT_CONVERSION = YES;
				CLANG_WARN_DEPRECATED_OBJC_IMPLEMENTATIONS = YES;
				CLANG_WARN_DIRECT_OBJC_ISA_USAGE = YES_ERROR;
				CLANG_WARN_DOCUMENTATION_COMMENTS = YES;
				CLANG_WARN_EMPTY_BODY = YES;
				CLANG_WARN_ENUM_CONVERSION = YES;
				CLANG_WARN_INFINITE_RECURSION = YES;
				CLANG_WARN_INT_CONVERSION = YES;
				CLANG_WARN_NON_LITERAL_NULL_CONVERSION = YES;
				CLANG_WARN_OBJC_IMPLICIT_RETAIN_SELF = YES;
				CLANG_WARN_OBJC_LITERAL_CONVERSION = YES;
				CLANG_WARN_OBJC_ROOT_CLASS = YES_ERROR;
				CLANG_WARN_QUOTED_INCLUDE_IN_FRAMEWORK_HEADER = YES;
				CLANG_WARN_RANGE_LOOP_ANALYSIS = YES;
				CLANG_WARN_STRICT_PROTOTYPES = YES;
				CLANG_WARN_SUSPICIOUS_MOVE = YES;
				CLANG_WARN_UNGUARDED_AVAILABILITY = YES_AGGRESSIVE;
				CLANG_WARN_UNREACHABLE_CODE = YES;
				CLANG_WARN__DUPLICATE_METHOD_MATCH = YES;
				COPY_PHASE_STRIP = NO;
				DEBUG_INFORMATION_FORMAT = "dwarf-with-dsym";
				ENABLE_NS_ASSERTIONS = NO;
				ENABLE_STRICT_OBJC_MSGSEND = YES;
				GCC_C_LANGUAGE_STANDARD = gnu11;
				GCC_NO_COMMON_BLOCKS = YES;
				GCC_WARN_64_TO_32_BIT_CONVERSION = YES;
				GCC_WARN_ABOUT_RETURN_TYPE = YES_ERROR;
				GCC_WARN_UNDECLARED_SELECTOR = YES;
				GCC_WARN_UNINITIALIZED_AUTOS = YES_AGGRESSIVE;
				GCC_WARN_UNUSED_FUNCTION = YES;
				GCC_WARN_UNUSED_VARIABLE = YES;
				IPHONEOS_DEPLOYMENT_TARGET = 16.2;
				MTL_ENABLE_DEBUG_INFO = NO;
				MTL_FAST_MATH = YES;
				SDKROOT = iphoneos;
				SWIFT_COMPILATION_MODE = wholemodule;
				SWIFT_OPTIMIZATION_LEVEL = "-O";
				VALIDATE_PRODUCT = YES;
			};
			name = Release;
		};
		A68FDEC3297A936D00C49991 /* Debug */ = {
			isa = XCBuildConfiguration;
			buildSettings = {
				ASSETCATALOG_COMPILER_APPICON_NAME = AppIcon;
				ASSETCATALOG_COMPILER_GLOBAL_ACCENT_COLOR_NAME = AccentColor;
				CODE_SIGN_STYLE = Automatic;
				CURRENT_PROJECT_VERSION = 1;
				GENERATE_INFOPLIST_FILE = YES;
				INFOPLIST_FILE = ListAppp/SupportFiles/Info.plist;
				INFOPLIST_KEY_UIApplicationSupportsIndirectInputEvents = YES;
				INFOPLIST_KEY_UILaunchStoryboardName = LaunchScreen;
				INFOPLIST_KEY_UIMainStoryboardFile = Main;
				INFOPLIST_KEY_UISupportedInterfaceOrientations = UIInterfaceOrientationPortrait;
				INFOPLIST_KEY_UISupportedInterfaceOrientations_iPad = "UIInterfaceOrientationLandscapeLeft UIInterfaceOrientationLandscapeRight UIInterfaceOrientationPortrait UIInterfaceOrientationPortraitUpsideDown";
				LD_RUNPATH_SEARCH_PATHS = (
					"$(inherited)",
					"@executable_path/Frameworks",
				);
				MARKETING_VERSION = 1.0;
				PRODUCT_BUNDLE_IDENTIFIER = com.zehracoskun.ListAppp;
				PRODUCT_NAME = "$(TARGET_NAME)";
				SUPPORTED_PLATFORMS = "iphoneos iphonesimulator";
				SUPPORTS_MACCATALYST = NO;
				SUPPORTS_MAC_DESIGNED_FOR_IPHONE_IPAD = YES;
				SWIFT_EMIT_LOC_STRINGS = YES;
				SWIFT_VERSION = 5.0;
				TARGETED_DEVICE_FAMILY = 1;
			};
			name = Debug;
		};
		A68FDEC4297A936D00C49991 /* Release */ = {
			isa = XCBuildConfiguration;
			buildSettings = {
				ASSETCATALOG_COMPILER_APPICON_NAME = AppIcon;
				ASSETCATALOG_COMPILER_GLOBAL_ACCENT_COLOR_NAME = AccentColor;
				CODE_SIGN_STYLE = Automatic;
				CURRENT_PROJECT_VERSION = 1;
				GENERATE_INFOPLIST_FILE = YES;
				INFOPLIST_FILE = ListAppp/SupportFiles/Info.plist;
				INFOPLIST_KEY_UIApplicationSupportsIndirectInputEvents = YES;
				INFOPLIST_KEY_UILaunchStoryboardName = LaunchScreen;
				INFOPLIST_KEY_UIMainStoryboardFile = Main;
				INFOPLIST_KEY_UISupportedInterfaceOrientations = UIInterfaceOrientationPortrait;
				INFOPLIST_KEY_UISupportedInterfaceOrientations_iPad = "UIInterfaceOrientationLandscapeLeft UIInterfaceOrientationLandscapeRight UIInterfaceOrientationPortrait UIInterfaceOrientationPortraitUpsideDown";
				LD_RUNPATH_SEARCH_PATHS = (
					"$(inherited)",
					"@executable_path/Frameworks",
				);
				MARKETING_VERSION = 1.0;
				PRODUCT_BUNDLE_IDENTIFIER = com.zehracoskun.ListAppp;
				PRODUCT_NAME = "$(TARGET_NAME)";
				SUPPORTED_PLATFORMS = "iphoneos iphonesimulator";
				SUPPORTS_MACCATALYST = NO;
				SUPPORTS_MAC_DESIGNED_FOR_IPHONE_IPAD = YES;
				SWIFT_EMIT_LOC_STRINGS = YES;
				SWIFT_VERSION = 5.0;
				TARGETED_DEVICE_FAMILY = 1;
			};
			name = Release;
		};
/* End XCBuildConfiguration section */

/* Begin XCConfigurationList section */
		A68FDEA6297A936C00C49991 /* Build configuration list for PBXProject "ListAppp" */ = {
			isa = XCConfigurationList;
			buildConfigurations = (
				A68FDEC0297A936D00C49991 /* Debug */,
				A68FDEC1297A936D00C49991 /* Release */,
			);
			defaultConfigurationIsVisible = 0;
			defaultConfigurationName = Release;
		};
		A68FDEC2297A936D00C49991 /* Build configuration list for PBXNativeTarget "ListAppp" */ = {
			isa = XCConfigurationList;
			buildConfigurations = (
				A68FDEC3297A936D00C49991 /* Debug */,
				A68FDEC4297A936D00C49991 /* Release */,
			);
			defaultConfigurationIsVisible = 0;
			defaultConfigurationName = Release;
		};
/* End XCConfigurationList section */

/* Begin XCVersionGroup section */
		A68FDEB7297A936C00C49991 /* ListAppp.xcdatamodeld */ = {
			isa = XCVersionGroup;
			children = (
				A68FDEB8297A936C00C49991 /* ListAppp.xcdatamodel */,
			);
			currentVersion = A68FDEB8297A936C00C49991 /* ListAppp.xcdatamodel */;
			path = ListAppp.xcdatamodeld;
			sourceTree = "<group>";
			versionGroupType = wrapper.xcdatamodel;
		};
/* End XCVersionGroup section */
	};
	rootObject = A68FDEA3297A936C00C49991 /* Project object */;
}
